schema: '2.0'
stages:
  download:
    cmd: python src/features/download_data.py
    deps:
    - path: src/features/download_data.py
      hash: md5
      md5: 944d57d4a1ee1c570f1850edb4a43fc4
      size: 2690
    outs:
    - path: data/raw/ckd.csv
      hash: md5
      md5: b62214a102c6b33779c9d89cd30ef5d6
      size: 48293
    - path: data/raw/thyroid.csv
      hash: md5
      md5: 598ca9abab0426cfa4e805e237cdfc3d
      size: 353238
  validate:
    cmd: python src/features/validate.py both
    deps:
    - path: data/raw/ckd.csv
      hash: md5
      md5: b62214a102c6b33779c9d89cd30ef5d6
      size: 48293
    - path: data/raw/thyroid.csv
      hash: md5
      md5: 598ca9abab0426cfa4e805e237cdfc3d
      size: 353238
    - path: src/features/validate.py
      hash: md5
      md5: 1f0c77d28ea3f95febed6fe91cae1f22
      size: 6816
  preprocess_thyroid:
    cmd: python src/features/preprocess.py thyroid
    deps:
    - path: data/raw/thyroid.csv
      hash: md5
      md5: 598ca9abab0426cfa4e805e237cdfc3d
      size: 353238
    - path: src/features/preprocess.py
      hash: md5
      md5: 8e0327c750e0b7b1cd45ee19f924924a
      size: 9680
    - path: src/features/validate.py
      hash: md5
      md5: 1f0c77d28ea3f95febed6fe91cae1f22
      size: 6816
    outs:
    - path: data/processed/thyroid_clean.csv
      hash: md5
      md5: 55877d1945405c59bda2d15628c6fcd9
      size: 448610
  preprocess_ckd:
    cmd: python src/features/preprocess.py ckd
    deps:
    - path: data/raw/ckd.csv
      hash: md5
      md5: b62214a102c6b33779c9d89cd30ef5d6
      size: 48293
    - path: src/features/preprocess.py
      hash: md5
      md5: 8e0327c750e0b7b1cd45ee19f924924a
      size: 9680
    - path: src/features/validate.py
      hash: md5
      md5: 1f0c77d28ea3f95febed6fe91cae1f22
      size: 6816
    outs:
    - path: data/processed/ckd_clean.csv
      hash: md5
      md5: 8b8a269748d25d62d3f26f0c282e9234
      size: 40839
  baselines:
    cmd: python src/features/preprocess.py baselines
    deps:
    - path: data/processed/ckd_clean.csv
      hash: md5
      md5: 8b8a269748d25d62d3f26f0c282e9234
      size: 40839
    - path: data/processed/thyroid_clean.csv
      hash: md5
      md5: 55877d1945405c59bda2d15628c6fcd9
      size: 448610
    - path: src/features/preprocess.py
      hash: md5
      md5: 8e0327c750e0b7b1cd45ee19f924924a
      size: 9680
    outs:
    - path: data/baseline_stats.json
      hash: md5
      md5: a39c0c869dbca4844c4b839be9430d89
      size: 8339
  engineer:
    cmd: python src/features/engineer.py both
    deps:
    - path: data/processed/ckd_clean.csv
      hash: md5
      md5: 8b8a269748d25d62d3f26f0c282e9234
      size: 40839
    - path: data/processed/thyroid_clean.csv
      hash: md5
      md5: 55877d1945405c59bda2d15628c6fcd9
      size: 448610
    - path: src/features/engineer.py
      hash: md5
      md5: c0e359fa8e2418cea614e9c17a4ce70d
      size: 4986
    outs:
    - path: data/processed/ckd_engineered.csv
      hash: md5
      md5: 6e651147edbf7776e0eaf6e13a7e9faa
      size: 47525
    - path: data/processed/thyroid_engineered.csv
      hash: md5
      md5: 8aad7db613c7619e0a0eae54009227b3
      size: 511376
  eda:
    cmd: python src/features/eda.py
    deps:
    - path: data/processed/ckd_engineered.csv
      hash: md5
      md5: 6e651147edbf7776e0eaf6e13a7e9faa
      size: 47525
    - path: data/processed/thyroid_engineered.csv
      hash: md5
      md5: 8aad7db613c7619e0a0eae54009227b3
      size: 511376
    - path: src/features/eda.py
      hash: md5
      md5: 64ae22d38a262befd2b42c3d32872421
      size: 11905
    outs:
    - path: reports/eda
      hash: md5
      md5: b05869682366d45efa688ba4ec409971.dir
      size: 434352
      nfiles: 9
